// !$*UTF8*$!
{
	archiveVersion = 1;
	classes = {
	};
	objectVersion = 50;
	objects = {

/* Begin PBXBuildFile section */
		9A086E2326FEFEB200922434 /* NanumBarunpenB.ttf in Resources */ = {isa = PBXBuildFile; fileRef = 9A086E2126FEFEB200922434 /* NanumBarunpenB.ttf */; };
		9A086E2426FEFEB200922434 /* NanumBarunpenR.ttf in Resources */ = {isa = PBXBuildFile; fileRef = 9A086E2226FEFEB200922434 /* NanumBarunpenR.ttf */; };
		9A086E2926FEFEC200922434 /* NanumSquareRegular.ttf in Resources */ = {isa = PBXBuildFile; fileRef = 9A086E2526FEFEC200922434 /* NanumSquareRegular.ttf */; };
		9A086E2A26FEFEC200922434 /* NanumSquareExtraBold.ttf in Resources */ = {isa = PBXBuildFile; fileRef = 9A086E2626FEFEC200922434 /* NanumSquareExtraBold.ttf */; };
		9A086E2B26FEFEC200922434 /* NanumSquareBold.ttf in Resources */ = {isa = PBXBuildFile; fileRef = 9A086E2726FEFEC200922434 /* NanumSquareBold.ttf */; };
		9A086E2C26FEFEC200922434 /* NanumSquareLight.ttf in Resources */ = {isa = PBXBuildFile; fileRef = 9A086E2826FEFEC200922434 /* NanumSquareLight.ttf */; };
		9A086E3226FEFEDC00922434 /* BONOBOO_1024.png in Resources */ = {isa = PBXBuildFile; fileRef = 9A086E2D26FEFEDB00922434 /* BONOBOO_1024.png */; };
		9A086E3326FEFEDC00922434 /* HarryPoterAndTheSorcerer'sStone.jpeg in Resources */ = {isa = PBXBuildFile; fileRef = 9A086E2E26FEFEDB00922434 /* HarryPoterAndTheSorcerer'sStone.jpeg */; };
		9A086E3426FEFEDC00922434 /* LittleForest.jpeg in Resources */ = {isa = PBXBuildFile; fileRef = 9A086E2F26FEFEDC00922434 /* LittleForest.jpeg */; };
		9A086E3526FEFEDC00922434 /* BONOBOO_512.png in Resources */ = {isa = PBXBuildFile; fileRef = 9A086E3026FEFEDC00922434 /* BONOBOO_512.png */; };
		9A086E3626FEFEDC00922434 /* Howl'sMovingCastle.jpeg in Resources */ = {isa = PBXBuildFile; fileRef = 9A086E3126FEFEDC00922434 /* Howl'sMovingCastle.jpeg */; };
		9ABD79F026FB41920071E1F6 /* AppDelegate.swift in Sources */ = {isa = PBXBuildFile; fileRef = 9ABD79EF26FB41920071E1F6 /* AppDelegate.swift */; };
		9ABD79F226FB41920071E1F6 /* SceneDelegate.swift in Sources */ = {isa = PBXBuildFile; fileRef = 9ABD79F126FB41920071E1F6 /* SceneDelegate.swift */; };
		9ABD79F426FB41920071E1F6 /* ViewController.swift in Sources */ = {isa = PBXBuildFile; fileRef = 9ABD79F326FB41920071E1F6 /* ViewController.swift */; };
		9ABD79F726FB41920071E1F6 /* Main.storyboard in Resources */ = {isa = PBXBuildFile; fileRef = 9ABD79F526FB41920071E1F6 /* Main.storyboard */; };
		9ABD79F926FB41920071E1F6 /* Assets.xcassets in Resources */ = {isa = PBXBuildFile; fileRef = 9ABD79F826FB41920071E1F6 /* Assets.xcassets */; };
		9ABD79FC26FB41920071E1F6 /* LaunchScreen.storyboard in Resources */ = {isa = PBXBuildFile; fileRef = 9ABD79FA26FB41920071E1F6 /* LaunchScreen.storyboard */; };
/* End PBXBuildFile section */

/* Begin PBXFileReference section */
		9A086E2126FEFEB200922434 /* NanumBarunpenB.ttf */ = {isa = PBXFileReference; lastKnownFileType = file; path = NanumBarunpenB.ttf; sourceTree = "<group>"; };
		9A086E2226FEFEB200922434 /* NanumBarunpenR.ttf */ = {isa = PBXFileReference; lastKnownFileType = file; path = NanumBarunpenR.ttf; sourceTree = "<group>"; };
		9A086E2526FEFEC200922434 /* NanumSquareRegular.ttf */ = {isa = PBXFileReference; lastKnownFileType = file; path = NanumSquareRegular.ttf; sourceTree = "<group>"; };
		9A086E2626FEFEC200922434 /* NanumSquareExtraBold.ttf */ = {isa = PBXFileReference; lastKnownFileType = file; path = NanumSquareExtraBold.ttf; sourceTree = "<group>"; };
		9A086E2726FEFEC200922434 /* NanumSquareBold.ttf */ = {isa = PBXFileReference; lastKnownFileType = file; path = NanumSquareBold.ttf; sourceTree = "<group>"; };
		9A086E2826FEFEC200922434 /* NanumSquareLight.ttf */ = {isa = PBXFileReference; lastKnownFileType = file; path = NanumSquareLight.ttf; sourceTree = "<group>"; };
		9A086E2D26FEFEDB00922434 /* BONOBOO_1024.png */ = {isa = PBXFileReference; lastKnownFileType = image.png; path = BONOBOO_1024.png; sourceTree = "<group>"; };
		9A086E2E26FEFEDB00922434 /* HarryPoterAndTheSorcerer'sStone.jpeg */ = {isa = PBXFileReference; lastKnownFileType = image.jpeg; path = "HarryPoterAndTheSorcerer'sStone.jpeg"; sourceTree = "<group>"; };
		9A086E2F26FEFEDC00922434 /* LittleForest.jpeg */ = {isa = PBXFileReference; lastKnownFileType = image.jpeg; path = LittleForest.jpeg; sourceTree = "<group>"; };
		9A086E3026FEFEDC00922434 /* BONOBOO_512.png */ = {isa = PBXFileReference; lastKnownFileType = image.png; path = BONOBOO_512.png; sourceTree = "<group>"; };
		9A086E3126FEFEDC00922434 /* Howl'sMovingCastle.jpeg */ = {isa = PBXFileReference; lastKnownFileType = image.jpeg; path = "Howl'sMovingCastle.jpeg"; sourceTree = "<group>"; };
		9ABD79EC26FB41920071E1F6 /* BONOBOO.app */ = {isa = PBXFileReference; explicitFileType = wrapper.application; includeInIndex = 0; path = BONOBOO.app; sourceTree = BUILT_PRODUCTS_DIR; };
		9ABD79EF26FB41920071E1F6 /* AppDelegate.swift */ = {isa = PBXFileReference; lastKnownFileType = sourcecode.swift; path = AppDelegate.swift; sourceTree = "<group>"; };
		9ABD79F126FB41920071E1F6 /* SceneDelegate.swift */ = {isa = PBXFileReference; lastKnownFileType = sourcecode.swift; path = SceneDelegate.swift; sourceTree = "<group>"; };
		9ABD79F326FB41920071E1F6 /* ViewController.swift */ = {isa = PBXFileReference; lastKnownFileType = sourcecode.swift; path = ViewController.swift; sourceTree = "<group>"; };
		9ABD79F626FB41920071E1F6 /* Base */ = {isa = PBXFileReference; lastKnownFileType = file.storyboard; name = Base; path = Base.lproj/Main.storyboard; sourceTree = "<group>"; };
		9ABD79F826FB41920071E1F6 /* Assets.xcassets */ = {isa = PBXFileReference; lastKnownFileType = folder.assetcatalog; path = Assets.xcassets; sourceTree = "<group>"; };
		9ABD79FB26FB41920071E1F6 /* Base */ = {isa = PBXFileReference; lastKnownFileType = file.storyboard; name = Base; path = Base.lproj/LaunchScreen.storyboard; sourceTree = "<group>"; };
		9ABD79FD26FB41920071E1F6 /* Info.plist */ = {isa = PBXFileReference; lastKnownFileType = text.plist.xml; path = Info.plist; sourceTree = "<group>"; };
/* End PBXFileReference section */

/* Begin PBXFrameworksBuildPhase section */
		9ABD79E926FB41920071E1F6 /* Frameworks */ = {
			isa = PBXFrameworksBuildPhase;
			buildActionMask = 2147483647;
			files = (
			);
			runOnlyForDeploymentPostprocessing = 0;
		};
/* End PBXFrameworksBuildPhase section */

/* Begin PBXGroup section */
		9A086DF426FEB5C400922434 /* main */ = {
			isa = PBXGroup;
			children = (
			);
			path = main;
			sourceTree = "<group>";
		};
		9A086DF526FEB5C800922434 /* add */ = {
			isa = PBXGroup;
			children = (
			);
			path = add;
			sourceTree = "<group>";
		};
		9A086DF726FEB5E200922434 /* menu */ = {
			isa = PBXGroup;
			children = (
			);
			path = menu;
			sourceTree = "<group>";
		};
		9A086E1E26FEFE4300922434 /* data */ = {
			isa = PBXGroup;
			children = (
				9A086E2026FEFE5C00922434 /* images */,
				9A086E1F26FEFE5600922434 /* font */,
			);
			path = data;
			sourceTree = "<group>";
		};
		9A086E1F26FEFE5600922434 /* font */ = {
			isa = PBXGroup;
			children = (
				9A086E2726FEFEC200922434 /* NanumSquareBold.ttf */,
				9A086E2626FEFEC200922434 /* NanumSquareExtraBold.ttf */,
				9A086E2826FEFEC200922434 /* NanumSquareLight.ttf */,
				9A086E2526FEFEC200922434 /* NanumSquareRegular.ttf */,
				9A086E2126FEFEB200922434 /* NanumBarunpenB.ttf */,
				9A086E2226FEFEB200922434 /* NanumBarunpenR.ttf */,
			);
			path = font;
			sourceTree = "<group>";
		};
		9A086E2026FEFE5C00922434 /* images */ = {
			isa = PBXGroup;
			children = (
				9A086E3026FEFEDC00922434 /* BONOBOO_512.png */,
				9A086E2D26FEFEDB00922434 /* BONOBOO_1024.png */,
				9A086E2E26FEFEDB00922434 /* HarryPoterAndTheSorcerer'sStone.jpeg */,
				9A086E3126FEFEDC00922434 /* Howl'sMovingCastle.jpeg */,
				9A086E2F26FEFEDC00922434 /* LittleForest.jpeg */,
			);
			path = images;
			sourceTree = "<group>";
		};
		9ABD79E326FB41920071E1F6 = {
			isa = PBXGroup;
			children = (
				9ABD79EE26FB41920071E1F6 /* BONOBOO */,
				9ABD79ED26FB41920071E1F6 /* Products */,
			);
			sourceTree = "<group>";
		};
		9ABD79ED26FB41920071E1F6 /* Products */ = {
			isa = PBXGroup;
			children = (
				9ABD79EC26FB41920071E1F6 /* BONOBOO.app */,
			);
			name = Products;
			sourceTree = "<group>";
		};
		9ABD79EE26FB41920071E1F6 /* BONOBOO */ = {
			isa = PBXGroup;
			children = (
				9A086E1E26FEFE4300922434 /* data */,
				9A086DF726FEB5E200922434 /* menu */,
				9A086DF526FEB5C800922434 /* add */,
				9A086DF426FEB5C400922434 /* main */,
				9ABD79EF26FB41920071E1F6 /* AppDelegate.swift */,
				9ABD79F126FB41920071E1F6 /* SceneDelegate.swift */,
				9ABD79F326FB41920071E1F6 /* ViewController.swift */,
				9ABD79F526FB41920071E1F6 /* Main.storyboard */,
				9ABD79F826FB41920071E1F6 /* Assets.xcassets */,
				9ABD79FA26FB41920071E1F6 /* LaunchScreen.storyboard */,
				9ABD79FD26FB41920071E1F6 /* Info.plist */,
			);
			path = BONOBOO;
			sourceTree = "<group>";
		};
/* End PBXGroup section */

/* Begin PBXNativeTarget section */
		9ABD79EB26FB41920071E1F6 /* BONOBOO */ = {
			isa = PBXNativeTarget;
			buildConfigurationList = 9ABD7A0026FB41920071E1F6 /* Build configuration list for PBXNativeTarget "BONOBOO" */;
			buildPhases = (
				9ABD79E826FB41920071E1F6 /* Sources */,
				9ABD79E926FB41920071E1F6 /* Frameworks */,
				9ABD79EA26FB41920071E1F6 /* Resources */,
			);
			buildRules = (
			);
			dependencies = (
			);
			name = BONOBOO;
			productName = BONOBOO;
			productReference = 9ABD79EC26FB41920071E1F6 /* BONOBOO.app */;
			productType = "com.apple.product-type.application";
		};
/* End PBXNativeTarget section */

/* Begin PBXProject section */
		9ABD79E426FB41920071E1F6 /* Project object */ = {
			isa = PBXProject;
			attributes = {
				LastSwiftUpdateCheck = 1250;
				LastUpgradeCheck = 1250;
				TargetAttributes = {
					9ABD79EB26FB41920071E1F6 = {
						CreatedOnToolsVersion = 12.5.1;
					};
				};
			};
			buildConfigurationList = 9ABD79E726FB41920071E1F6 /* Build configuration list for PBXProject "BONOBOO" */;
			compatibilityVersion = "Xcode 9.3";
			developmentRegion = en;
			hasScannedForEncodings = 0;
			knownRegions = (
				en,
				Base,
			);
			mainGroup = 9ABD79E326FB41920071E1F6;
			productRefGroup = 9ABD79ED26FB41920071E1F6 /* Products */;
			projectDirPath = "";
			projectRoot = "";
			targets = (
				9ABD79EB26FB41920071E1F6 /* BONOBOO */,
			);
		};
/* End PBXProject section */

/* Begin PBXResourcesBuildPhase section */
		9ABD79EA26FB41920071E1F6 /* Resources */ = {
			isa = PBXResourcesBuildPhase;
			buildActionMask = 2147483647;
			files = (
				9A086E2C26FEFEC200922434 /* NanumSquareLight.ttf in Resources */,
				9A086E2B26FEFEC200922434 /* NanumSquareBold.ttf in Resources */,
				9A086E3426FEFEDC00922434 /* LittleForest.jpeg in Resources */,
				9A086E3326FEFEDC00922434 /* HarryPoterAndTheSorcerer'sStone.jpeg in Resources */,
				9ABD79FC26FB41920071E1F6 /* LaunchScreen.storyboard in Resources */,
				9A086E3526FEFEDC00922434 /* BONOBOO_512.png in Resources */,
				9ABD79F926FB41920071E1F6 /* Assets.xcassets in Resources */,
				9A086E2926FEFEC200922434 /* NanumSquareRegular.ttf in Resources */,
				9A086E2A26FEFEC200922434 /* NanumSquareExtraBold.ttf in Resources */,
				9A086E2326FEFEB200922434 /* NanumBarunpenB.ttf in Resources */,
				9A086E2426FEFEB200922434 /* NanumBarunpenR.ttf in Resources */,
				9A086E3626FEFEDC00922434 /* Howl'sMovingCastle.jpeg in Resources */,
				9ABD79F726FB41920071E1F6 /* Main.storyboard in Resources */,
				9A086E3226FEFEDC00922434 /* BONOBOO_1024.png in Resources */,
			);
			runOnlyForDeploymentPostprocessing = 0;
		};
/* End PBXResourcesBuildPhase section */

/* Begin PBXSourcesBuildPhase section */
		9ABD79E826FB41920071E1F6 /* Sources */ = {
			isa = PBXSourcesBuildPhase;
			buildActionMask = 2147483647;
			files = (
				9ABD79F426FB41920071E1F6 /* ViewController.swift in Sources */,
				9ABD79F026FB41920071E1F6 /* AppDelegate.swift in Sources */,
				9ABD79F226FB41920071E1F6 /* SceneDelegate.swift in Sources */,
			);
			runOnlyForDeploymentPostprocessing = 0;
		};
/* End PBXSourcesBuildPhase section */

/* Begin PBXVariantGroup section */
		9ABD79F526FB41920071E1F6 /* Main.storyboard */ = {
			isa = PBXVariantGroup;
			children = (
				9ABD79F626FB41920071E1F6 /* Base */,
			);
			name = Main.storyboard;
			sourceTree = "<group>";
		};
		9ABD79FA26FB41920071E1F6 /* LaunchScreen.storyboard */ = {
			isa = PBXVariantGroup;
			children = (
				9ABD79FB26FB41920071E1F6 /* Base */,
			);
			name = LaunchScreen.storyboard;
			sourceTree = "<group>";
		};
/* End PBXVariantGroup section */

/* Begin XCBuildConfiguration section */
		9ABD79FE26FB41920071E1F6 /* Debug */ = {
			isa = XCBuildConfiguration;
			buildSettings = {
				ALWAYS_SEARCH_USER_PATHS = NO;
				CLANG_ANALYZER_NONNULL = YES;
				CLANG_ANALYZER_NUMBER_OBJECT_CONVERSION = YES_AGGRESSIVE;
				CLANG_CXX_LANGUAGE_STANDARD = "gnu++14";
				CLANG_CXX_LIBRARY = "libc++";
				CLANG_ENABLE_MODULES = YES;
				CLANG_ENABLE_OBJC_ARC = YES;
				CLANG_ENABLE_OBJC_WEAK = YES;
				CLANG_WARN_BLOCK_CAPTURE_AUTORELEASING = YES;
				CLANG_WARN_BOOL_CONVERSION = YES;
				CLANG_WARN_COMMA = YES;
				CLANG_WARN_CONSTANT_CONVERSION = YES;
				CLANG_WARN_DEPRECATED_OBJC_IMPLEMENTATIONS = YES;
				CLANG_WARN_DIRECT_OBJC_ISA_USAGE = YES_ERROR;
				CLANG_WARN_DOCUMENTATION_COMMENTS = YES;
				CLANG_WARN_EMPTY_BODY = YES;
				CLANG_WARN_ENUM_CONVERSION = YES;
				CLANG_WARN_INFINITE_RECURSION = YES;
				CLANG_WARN_INT_CONVERSION = YES;
				CLANG_WARN_NON_LITERAL_NULL_CONVERSION = YES;
				CLANG_WARN_OBJC_IMPLICIT_RETAIN_SELF = YES;
				CLANG_WARN_OBJC_LITERAL_CONVERSION = YES;
				CLANG_WARN_OBJC_ROOT_CLASS = YES_ERROR;
				CLANG_WARN_QUOTED_INCLUDE_IN_FRAMEWORK_HEADER = YES;
				CLANG_WARN_RANGE_LOOP_ANALYSIS = YES;
				CLANG_WARN_STRICT_PROTOTYPES = YES;
				CLANG_WARN_SUSPICIOUS_MOVE = YES;
				CLANG_WARN_UNGUARDED_AVAILABILITY = YES_AGGRESSIVE;
				CLANG_WARN_UNREACHABLE_CODE = YES;
				CLANG_WARN__DUPLICATE_METHOD_MATCH = YES;
				COPY_PHASE_STRIP = NO;
				DEBUG_INFORMATION_FORMAT = dwarf;
				ENABLE_STRICT_OBJC_MSGSEND = YES;
				ENABLE_TESTABILITY = YES;
				GCC_C_LANGUAGE_STANDARD = gnu11;
				GCC_DYNAMIC_NO_PIC = NO;
				GCC_NO_COMMON_BLOCKS = YES;
				GCC_OPTIMIZATION_LEVEL = 0;
				GCC_PREPROCESSOR_DEFINITIONS = (
					"DEBUG=1",
					"$(inherited)",
				);
				GCC_WARN_64_TO_32_BIT_CONVERSION = YES;
				GCC_WARN_ABOUT_RETURN_TYPE = YES_ERROR;
				GCC_WARN_UNDECLARED_SELECTOR = YES;
				GCC_WARN_UNINITIALIZED_AUTOS = YES_AGGRESSIVE;
				GCC_WARN_UNUSED_FUNCTION = YES;
				GCC_WARN_UNUSED_VARIABLE = YES;
				IPHONEOS_DEPLOYMENT_TARGET = 14.5;
				MTL_ENABLE_DEBUG_INFO = INCLUDE_SOURCE;
				MTL_FAST_MATH = YES;
				ONLY_ACTIVE_ARCH = YES;
				SDKROOT = iphoneos;
				SWIFT_ACTIVE_COMPILATION_CONDITIONS = DEBUG;
				SWIFT_OPTIMIZATION_LEVEL = "-Onone";
			};
			name = Debug;
		};
		9ABD79FF26FB41920071E1F6 /* Release */ = {
			isa = XCBuildConfiguration;
			buildSettings = {
				ALWAYS_SEARCH_USER_PATHS = NO;
				CLANG_ANALYZER_NONNULL = YES;
				CLANG_ANALYZER_NUMBER_OBJECT_CONVERSION = YES_AGGRESSIVE;
				CLANG_CXX_LANGUAGE_STANDARD = "gnu++14";
				CLANG_CXX_LIBRARY = "libc++";
				CLANG_ENABLE_MODULES = YES;
				CLANG_ENABLE_OBJC_ARC = YES;
				CLANG_ENABLE_OBJC_WEAK = YES;
				CLANG_WARN_BLOCK_CAPTURE_AUTORELEASING = YES;
				CLANG_WARN_BOOL_CONVERSION = YES;
				CLANG_WARN_COMMA = YES;
				CLANG_WARN_CONSTANT_CONVERSION = YES;
				CLANG_WARN_DEPRECATED_OBJC_IMPLEMENTATIONS = YES;
				CLANG_WARN_DIRECT_OBJC_ISA_USAGE = YES_ERROR;
				CLANG_WARN_DOCUMENTATION_COMMENTS = YES;
				CLANG_WARN_EMPTY_BODY = YES;
				CLANG_WARN_ENUM_CONVERSION = YES;
				CLANG_WARN_INFINITE_RECURSION = YES;
				CLANG_WARN_INT_CONVERSION = YES;
				CLANG_WARN_NON_LITERAL_NULL_CONVERSION = YES;
				CLANG_WARN_OBJC_IMPLICIT_RETAIN_SELF = YES;
				CLANG_WARN_OBJC_LITERAL_CONVERSION = YES;
				CLANG_WARN_OBJC_ROOT_CLASS = YES_ERROR;
				CLANG_WARN_QUOTED_INCLUDE_IN_FRAMEWORK_HEADER = YES;
				CLANG_WARN_RANGE_LOOP_ANALYSIS = YES;
				CLANG_WARN_STRICT_PROTOTYPES = YES;
				CLANG_WARN_SUSPICIOUS_MOVE = YES;
				CLANG_WARN_UNGUARDED_AVAILABILITY = YES_AGGRESSIVE;
				CLANG_WARN_UNREACHABLE_CODE = YES;
				CLANG_WARN__DUPLICATE_METHOD_MATCH = YES;
				COPY_PHASE_STRIP = NO;
				DEBUG_INFORMATION_FORMAT = "dwarf-with-dsym";
				ENABLE_NS_ASSERTIONS = NO;
				ENABLE_STRICT_OBJC_MSGSEND = YES;
				GCC_C_LANGUAGE_STANDARD = gnu11;
				GCC_NO_COMMON_BLOCKS = YES;
				GCC_WARN_64_TO_32_BIT_CONVERSION = YES;
				GCC_WARN_ABOUT_RETURN_TYPE = YES_ERROR;
				GCC_WARN_UNDECLARED_SELECTOR = YES;
				GCC_WARN_UNINITIALIZED_AUTOS = YES_AGGRESSIVE;
				GCC_WARN_UNUSED_FUNCTION = YES;
				GCC_WARN_UNUSED_VARIABLE = YES;
				IPHONEOS_DEPLOYMENT_TARGET = 14.5;
				MTL_ENABLE_DEBUG_INFO = NO;
				MTL_FAST_MATH = YES;
				SDKROOT = iphoneos;
				SWIFT_COMPILATION_MODE = wholemodule;
				SWIFT_OPTIMIZATION_LEVEL = "-O";
				VALIDATE_PRODUCT = YES;
			};
			name = Release;
		};
		9ABD7A0126FB41920071E1F6 /* Debug */ = {
			isa = XCBuildConfiguration;
			buildSettings = {
				ASSETCATALOG_COMPILER_APPICON_NAME = AppIcon;
				ASSETCATALOG_COMPILER_GLOBAL_ACCENT_COLOR_NAME = AccentColor;
				CODE_SIGN_STYLE = Automatic;
				INFOPLIST_FILE = BONOBOO/Info.plist;
				LD_RUNPATH_SEARCH_PATHS = (
					"$(inherited)",
					"@executable_path/Frameworks",
				);
				PRODUCT_BUNDLE_IDENTIFIER = com.tistory.88yhtserof.BONOBOO;
				PRODUCT_NAME = "$(TARGET_NAME)";
				SWIFT_VERSION = 5.0;
				TARGETED_DEVICE_FAMILY = "1,2";
			};
			name = Debug;
		};
		9ABD7A0226FB41920071E1F6 /* Release */ = {
			isa = XCBuildConfiguration;
			buildSettings = {
				ASSETCATALOG_COMPILER_APPICON_NAME = AppIcon;
				ASSETCATALOG_COMPILER_GLOBAL_ACCENT_COLOR_NAME = AccentColor;
				CODE_SIGN_STYLE = Automatic;
				INFOPLIST_FILE = BONOBOO/Info.plist;
				LD_RUNPATH_SEARCH_PATHS = (
					"$(inherited)",
					"@executable_path/Frameworks",
				);
				PRODUCT_BUNDLE_IDENTIFIER = com.tistory.88yhtserof.BONOBOO;
				PRODUCT_NAME = "$(TARGET_NAME)";
				SWIFT_VERSION = 5.0;
				TARGETED_DEVICE_FAMILY = "1,2";
			};
			name = Release;
		};
/* End XCBuildConfiguration section */

/* Begin XCConfigurationList section */
		9ABD79E726FB41920071E1F6 /* Build configuration list for PBXProject "BONOBOO" */ = {
			isa = XCConfigurationList;
			buildConfigurations = (
				9ABD79FE26FB41920071E1F6 /* Debug */,
				9ABD79FF26FB41920071E1F6 /* Release */,
			);
			defaultConfigurationIsVisible = 0;
			defaultConfigurationName = Release;
		};
		9ABD7A0026FB41920071E1F6 /* Build configuration list for PBXNativeTarget "BONOBOO" */ = {
			isa = XCConfigurationList;
			buildConfigurations = (
				9ABD7A0126FB41920071E1F6 /* Debug */,
				9ABD7A0226FB41920071E1F6 /* Release */,
			);
			defaultConfigurationIsVisible = 0;
			defaultConfigurationName = Release;
		};
/* End XCConfigurationList section */
	};
	rootObject = 9ABD79E426FB41920071E1F6 /* Project object */;
}
